// !$*UTF8*$!
{
	archiveVersion = 1;
	classes = {
	};
	objectVersion = 77;
	objects = {

/* Begin PBXBuildFile section */
		84371A732E5CF0D000BC0E82 /* AuthService.swift in Sources */ = {isa = PBXBuildFile; fileRef = 84371A722E5CF0D000BC0E82 /* AuthService.swift */; };
		84371A762E5CF35600BC0E82 /* Supabase in Frameworks */ = {isa = PBXBuildFile; productRef = 84371A752E5CF35600BC0E82 /* Supabase */; };
		84371A782E5CFEEE00BC0E82 /* ProfileView.swift in Sources */ = {isa = PBXBuildFile; fileRef = 84371A772E5CFEEE00BC0E82 /* ProfileView.swift */; };
		84371A7A2E5CFEFA00BC0E82 /* SearchView.swift in Sources */ = {isa = PBXBuildFile; fileRef = 84371A792E5CFEFA00BC0E82 /* SearchView.swift */; };
		84371A7C2E5CFF0300BC0E82 /* LibraryView.swift in Sources */ = {isa = PBXBuildFile; fileRef = 84371A7B2E5CFF0300BC0E82 /* LibraryView.swift */; };
		84371A7E2E5CFF0E00BC0E82 /* FeedView.swift in Sources */ = {isa = PBXBuildFile; fileRef = 84371A7D2E5CFF0E00BC0E82 /* FeedView.swift */; };
		84371A802E5CFF1900BC0E82 /* CompareView.swift in Sources */ = {isa = PBXBuildFile; fileRef = 84371A7F2E5CFF1900BC0E82 /* CompareView.swift */; };
		84371A822E5D294700BC0E82 /* UserProfile.swift in Sources */ = {isa = PBXBuildFile; fileRef = 84371A812E5D294700BC0E82 /* UserProfile.swift */; };
		84371A852E5D2A3D00BC0E82 /* ProfileViewModel.swift in Sources */ = {isa = PBXBuildFile; fileRef = 84371A842E5D2A3D00BC0E82 /* ProfileViewModel.swift */; };
		84371A872E5D2A4F00BC0E82 /* EditProfileView.swift in Sources */ = {isa = PBXBuildFile; fileRef = 84371A862E5D2A4F00BC0E82 /* EditProfileView.swift */; };
		84371A8B2E66675400BC0E82 /* Secrets.swift in Sources */ = {isa = PBXBuildFile; fileRef = 84371A8A2E66675400BC0E82 /* Secrets.swift */; };
		84371A8D2E6667AA00BC0E82 /* RanklitUser.swift in Sources */ = {isa = PBXBuildFile; fileRef = 84371A8C2E6667AA00BC0E82 /* RanklitUser.swift */; };
		84371A902E6667FD00BC0E82 /* DatabaseService.swift in Sources */ = {isa = PBXBuildFile; fileRef = 84371A8F2E6667FD00BC0E82 /* DatabaseService.swift */; };
		84371A942E66685B00BC0E82 /* LocalDatabaseService.swift in Sources */ = {isa = PBXBuildFile; fileRef = 84371A932E66685B00BC0E82 /* LocalDatabaseService.swift */; };
		8447D5E72E5CD37400E97D46 /* AuthView.swift in Sources */ = {isa = PBXBuildFile; fileRef = 8447D5E62E5CD37100E97D46 /* AuthView.swift */; };
		8447D5EB2E5CDBFD00E97D46 /* LogInView.swift in Sources */ = {isa = PBXBuildFile; fileRef = 8447D5EA2E5CDBFA00E97D46 /* LogInView.swift */; };
		8447D5F22E5CE53900E97D46 /* AuthViewModel.swift in Sources */ = {isa = PBXBuildFile; fileRef = 8447D5F12E5CE53300E97D46 /* AuthViewModel.swift */; };
		8447D5F52E5CE58600E97D46 /* EmailView.swift in Sources */ = {isa = PBXBuildFile; fileRef = 8447D5F42E5CE58600E97D46 /* EmailView.swift */; };
		8447D5F82E5CE63300E97D46 /* RanklitTextField.swift in Sources */ = {isa = PBXBuildFile; fileRef = 8447D5F72E5CE63300E97D46 /* RanklitTextField.swift */; };
		8447D5FA2E5CE93900E97D46 /* NameView.swift in Sources */ = {isa = PBXBuildFile; fileRef = 8447D5F92E5CE93900E97D46 /* NameView.swift */; };
		8447D5FE2E5CEA1E00E97D46 /* UsernameView.swift in Sources */ = {isa = PBXBuildFile; fileRef = 8447D5FD2E5CEA1E00E97D46 /* UsernameView.swift */; };
		8447D6002E5CEB2400E97D46 /* AgeView.swift in Sources */ = {isa = PBXBuildFile; fileRef = 8447D5FF2E5CEB2300E97D46 /* AgeView.swift */; };
		84C1383B2E40768A00002F43 /* book_ratingTests.swift in Sources */ = {isa = PBXBuildFile; fileRef = 84C138392E40768A00002F43 /* book_ratingTests.swift */; };
		84C138452E40793F00002F43 /* ContentView.swift in Sources */ = {isa = PBXBuildFile; fileRef = 84C138342E40767200002F43 /* ContentView.swift */; };
		84C138462E40794500002F43 /* book_ratingApp.swift in Sources */ = {isa = PBXBuildFile; fileRef = 84C138332E40767200002F43 /* book_ratingApp.swift */; };
		84C138472E40795000002F43 /* Assets.xcassets in Resources */ = {isa = PBXBuildFile; fileRef = 84C138312E40767200002F43 /* Assets.xcassets */; };
		84C1384A2E40929400002F43 /* Book.swift in Sources */ = {isa = PBXBuildFile; fileRef = 84C138492E40928F00002F43 /* Book.swift */; };
		84C138542E551F3800002F43 /* Sentiment.swift in Sources */ = {isa = PBXBuildFile; fileRef = 84C138532E551F3400002F43 /* Sentiment.swift */; };
		84C138562E551F4100002F43 /* RankingEngine.swift in Sources */ = {isa = PBXBuildFile; fileRef = 84C138552E551F3B00002F43 /* RankingEngine.swift */; };
/* End PBXBuildFile section */

/* Begin PBXContainerItemProxy section */
		84C138152E40763600002F43 /* PBXContainerItemProxy */ = {
			isa = PBXContainerItemProxy;
			containerPortal = 84C137FE2E40763500002F43 /* Project object */;
			proxyType = 1;
			remoteGlobalIDString = 84C138052E40763500002F43;
			remoteInfo = "book rating";
		};
		84C1381F2E40763600002F43 /* PBXContainerItemProxy */ = {
			isa = PBXContainerItemProxy;
			containerPortal = 84C137FE2E40763500002F43 /* Project object */;
			proxyType = 1;
			remoteGlobalIDString = 84C138052E40763500002F43;
			remoteInfo = "book rating";
		};
/* End PBXContainerItemProxy section */

/* Begin PBXFileReference section */
		84371A722E5CF0D000BC0E82 /* AuthService.swift */ = {isa = PBXFileReference; lastKnownFileType = sourcecode.swift; path = AuthService.swift; sourceTree = "<group>"; };
		84371A772E5CFEEE00BC0E82 /* ProfileView.swift */ = {isa = PBXFileReference; lastKnownFileType = sourcecode.swift; path = ProfileView.swift; sourceTree = "<group>"; };
		84371A792E5CFEFA00BC0E82 /* SearchView.swift */ = {isa = PBXFileReference; lastKnownFileType = sourcecode.swift; path = SearchView.swift; sourceTree = "<group>"; };
		84371A7B2E5CFF0300BC0E82 /* LibraryView.swift */ = {isa = PBXFileReference; lastKnownFileType = sourcecode.swift; path = LibraryView.swift; sourceTree = "<group>"; };
		84371A7D2E5CFF0E00BC0E82 /* FeedView.swift */ = {isa = PBXFileReference; lastKnownFileType = sourcecode.swift; path = FeedView.swift; sourceTree = "<group>"; };
		84371A7F2E5CFF1900BC0E82 /* CompareView.swift */ = {isa = PBXFileReference; lastKnownFileType = sourcecode.swift; path = CompareView.swift; sourceTree = "<group>"; };
		84371A812E5D294700BC0E82 /* UserProfile.swift */ = {isa = PBXFileReference; lastKnownFileType = sourcecode.swift; path = UserProfile.swift; sourceTree = "<group>"; };
		84371A842E5D2A3D00BC0E82 /* ProfileViewModel.swift */ = {isa = PBXFileReference; lastKnownFileType = sourcecode.swift; path = ProfileViewModel.swift; sourceTree = "<group>"; };
		84371A862E5D2A4F00BC0E82 /* EditProfileView.swift */ = {isa = PBXFileReference; lastKnownFileType = sourcecode.swift; path = EditProfileView.swift; sourceTree = "<group>"; };
		84371A8A2E66675400BC0E82 /* Secrets.swift */ = {isa = PBXFileReference; lastKnownFileType = sourcecode.swift; path = Secrets.swift; sourceTree = "<group>"; };
		84371A8C2E6667AA00BC0E82 /* RanklitUser.swift */ = {isa = PBXFileReference; lastKnownFileType = sourcecode.swift; path = RanklitUser.swift; sourceTree = "<group>"; };
		84371A8F2E6667FD00BC0E82 /* DatabaseService.swift */ = {isa = PBXFileReference; lastKnownFileType = sourcecode.swift; path = DatabaseService.swift; sourceTree = "<group>"; };
		84371A932E66685B00BC0E82 /* LocalDatabaseService.swift */ = {isa = PBXFileReference; lastKnownFileType = sourcecode.swift; path = LocalDatabaseService.swift; sourceTree = "<group>"; };
		8447D5E62E5CD37100E97D46 /* AuthView.swift */ = {isa = PBXFileReference; lastKnownFileType = sourcecode.swift; path = AuthView.swift; sourceTree = "<group>"; };
		8447D5EA2E5CDBFA00E97D46 /* LogInView.swift */ = {isa = PBXFileReference; lastKnownFileType = sourcecode.swift; path = LogInView.swift; sourceTree = "<group>"; };
		8447D5F12E5CE53300E97D46 /* AuthViewModel.swift */ = {isa = PBXFileReference; lastKnownFileType = sourcecode.swift; path = AuthViewModel.swift; sourceTree = "<group>"; };
		8447D5F42E5CE58600E97D46 /* EmailView.swift */ = {isa = PBXFileReference; lastKnownFileType = sourcecode.swift; path = EmailView.swift; sourceTree = "<group>"; };
		8447D5F72E5CE63300E97D46 /* RanklitTextField.swift */ = {isa = PBXFileReference; lastKnownFileType = sourcecode.swift; path = RanklitTextField.swift; sourceTree = "<group>"; };
		8447D5F92E5CE93900E97D46 /* NameView.swift */ = {isa = PBXFileReference; lastKnownFileType = sourcecode.swift; path = NameView.swift; sourceTree = "<group>"; };
		8447D5FD2E5CEA1E00E97D46 /* UsernameView.swift */ = {isa = PBXFileReference; lastKnownFileType = sourcecode.swift; path = UsernameView.swift; sourceTree = "<group>"; };
		8447D5FF2E5CEB2300E97D46 /* AgeView.swift */ = {isa = PBXFileReference; lastKnownFileType = sourcecode.swift; path = AgeView.swift; sourceTree = "<group>"; };
		84C138062E40763500002F43 /* book rating.app */ = {isa = PBXFileReference; explicitFileType = wrapper.application; includeInIndex = 0; path = "book rating.app"; sourceTree = BUILT_PRODUCTS_DIR; };
		84C138142E40763600002F43 /* book ratingTests.xctest */ = {isa = PBXFileReference; explicitFileType = wrapper.cfbundle; includeInIndex = 0; path = "book ratingTests.xctest"; sourceTree = BUILT_PRODUCTS_DIR; };
		84C1381E2E40763600002F43 /* book ratingUITests.xctest */ = {isa = PBXFileReference; explicitFileType = wrapper.cfbundle; includeInIndex = 0; path = "book ratingUITests.xctest"; sourceTree = BUILT_PRODUCTS_DIR; };
		84C138312E40767200002F43 /* Assets.xcassets */ = {isa = PBXFileReference; lastKnownFileType = folder.assetcatalog; path = Assets.xcassets; sourceTree = "<group>"; };
		84C138322E40767200002F43 /* book_rating.entitlements */ = {isa = PBXFileReference; lastKnownFileType = text.plist.entitlements; path = book_rating.entitlements; sourceTree = "<group>"; };
		84C138332E40767200002F43 /* book_ratingApp.swift */ = {isa = PBXFileReference; lastKnownFileType = sourcecode.swift; path = book_ratingApp.swift; sourceTree = "<group>"; };
		84C138342E40767200002F43 /* ContentView.swift */ = {isa = PBXFileReference; lastKnownFileType = sourcecode.swift; path = ContentView.swift; sourceTree = "<group>"; };
		84C138392E40768A00002F43 /* book_ratingTests.swift */ = {isa = PBXFileReference; lastKnownFileType = sourcecode.swift; path = book_ratingTests.swift; sourceTree = "<group>"; };
		84C1383C2E40769B00002F43 /* book_ratingUITests.swift */ = {isa = PBXFileReference; lastKnownFileType = sourcecode.swift; path = book_ratingUITests.swift; sourceTree = "<group>"; };
		84C1383D2E40769B00002F43 /* book_ratingUITestsLaunchTests.swift */ = {isa = PBXFileReference; lastKnownFileType = sourcecode.swift; path = book_ratingUITestsLaunchTests.swift; sourceTree = "<group>"; };
		84C138492E40928F00002F43 /* Book.swift */ = {isa = PBXFileReference; lastKnownFileType = sourcecode.swift; path = Book.swift; sourceTree = "<group>"; };
		84C138532E551F3400002F43 /* Sentiment.swift */ = {isa = PBXFileReference; lastKnownFileType = sourcecode.swift; path = Sentiment.swift; sourceTree = "<group>"; };
		84C138552E551F3B00002F43 /* RankingEngine.swift */ = {isa = PBXFileReference; lastKnownFileType = sourcecode.swift; path = RankingEngine.swift; sourceTree = "<group>"; };
/* End PBXFileReference section */

/* Begin PBXFrameworksBuildPhase section */
		84C138032E40763500002F43 /* Frameworks */ = {
			isa = PBXFrameworksBuildPhase;
			buildActionMask = 2147483647;
			files = (
				84371A762E5CF35600BC0E82 /* Supabase in Frameworks */,
			);
			runOnlyForDeploymentPostprocessing = 0;
		};
		84C138112E40763600002F43 /* Frameworks */ = {
			isa = PBXFrameworksBuildPhase;
			buildActionMask = 2147483647;
			files = (
			);
			runOnlyForDeploymentPostprocessing = 0;
		};
		84C1381B2E40763600002F43 /* Frameworks */ = {
			isa = PBXFrameworksBuildPhase;
			buildActionMask = 2147483647;
			files = (
			);
			runOnlyForDeploymentPostprocessing = 0;
		};
/* End PBXFrameworksBuildPhase section */

/* Begin PBXGroup section */
		84371A742E5CF35600BC0E82 /* Frameworks */ = {
			isa = PBXGroup;
			children = (
			);
			name = Frameworks;
			sourceTree = "<group>";
		};
		84371A832E5D2A2800BC0E82 /* Profile */ = {
			isa = PBXGroup;
			children = (
				84371A772E5CFEEE00BC0E82 /* ProfileView.swift */,
				84371A842E5D2A3D00BC0E82 /* ProfileViewModel.swift */,
				84371A862E5D2A4F00BC0E82 /* EditProfileView.swift */,
			);
			path = Profile;
			sourceTree = "<group>";
		};
		84371A8E2E6667E600BC0E82 /* Services */ = {
			isa = PBXGroup;
			children = (
				84371A8F2E6667FD00BC0E82 /* DatabaseService.swift */,
				84371A932E66685B00BC0E82 /* LocalDatabaseService.swift */,
			);
			path = Services;
			sourceTree = "<group>";
		};
		8447D5E52E5CD36600E97D46 /* Auth */ = {
			isa = PBXGroup;
			children = (
				8447D5F32E5CE55A00E97D46 /* Register */,
				8447D5F12E5CE53300E97D46 /* AuthViewModel.swift */,
				8447D5EA2E5CDBFA00E97D46 /* LogInView.swift */,
				8447D5E62E5CD37100E97D46 /* AuthView.swift */,
			);
			path = Auth;
			sourceTree = "<group>";
		};
		8447D5F32E5CE55A00E97D46 /* Register */ = {
			isa = PBXGroup;
			children = (
				8447D5F42E5CE58600E97D46 /* EmailView.swift */,
				8447D5F92E5CE93900E97D46 /* NameView.swift */,
				8447D5FD2E5CEA1E00E97D46 /* UsernameView.swift */,
				8447D5FF2E5CEB2300E97D46 /* AgeView.swift */,
				84371A722E5CF0D000BC0E82 /* AuthService.swift */,
			);
			path = Register;
			sourceTree = "<group>";
		};
		8447D5F62E5CE61700E97D46 /* Util */ = {
			isa = PBXGroup;
			children = (
				8447D5F72E5CE63300E97D46 /* RanklitTextField.swift */,
				84371A8A2E66675400BC0E82 /* Secrets.swift */,
			);
			path = Util;
			sourceTree = "<group>";
		};
		84C137FD2E40763500002F43 = {
			isa = PBXGroup;
			children = (
				84C138072E40763500002F43 /* Products */,
				84C138352E40767200002F43 /* book rating */,
				84C1383A2E40768A00002F43 /* book ratingTests */,
				84C1383E2E40769B00002F43 /* book ratingUITests */,
				84371A742E5CF35600BC0E82 /* Frameworks */,
			);
			sourceTree = "<group>";
		};
		84C138072E40763500002F43 /* Products */ = {
			isa = PBXGroup;
			children = (
				84C138062E40763500002F43 /* book rating.app */,
				84C138142E40763600002F43 /* book ratingTests.xctest */,
				84C1381E2E40763600002F43 /* book ratingUITests.xctest */,
			);
			name = Products;
			sourceTree = "<group>";
		};
		84C138352E40767200002F43 /* book rating */ = {
			isa = PBXGroup;
			children = (
				84371A8E2E6667E600BC0E82 /* Services */,
				8447D5F62E5CE61700E97D46 /* Util */,
				8447D5E52E5CD36600E97D46 /* Auth */,
				84C138312E40767200002F43 /* Assets.xcassets */,
				84C138322E40767200002F43 /* book_rating.entitlements */,
				84C138332E40767200002F43 /* book_ratingApp.swift */,
				84C138342E40767200002F43 /* ContentView.swift */,
				84C138482E40927800002F43 /* Models */,
				84C1383F2E4076ED00002F43 /* View */,
			);
			path = "book rating";
			sourceTree = "<group>";
		};
		84C1383A2E40768A00002F43 /* book ratingTests */ = {
			isa = PBXGroup;
			children = (
				84C138392E40768A00002F43 /* book_ratingTests.swift */,
			);
			path = "book ratingTests";
			sourceTree = "<group>";
		};
		84C1383E2E40769B00002F43 /* book ratingUITests */ = {
			isa = PBXGroup;
			children = (
				84C1383C2E40769B00002F43 /* book_ratingUITests.swift */,
				84C1383D2E40769B00002F43 /* book_ratingUITestsLaunchTests.swift */,
			);
			path = "book ratingUITests";
			sourceTree = "<group>";
		};
		84C1383F2E4076ED00002F43 /* View */ = {
			isa = PBXGroup;
			children = (
				84371A832E5D2A2800BC0E82 /* Profile */,
				84371A7D2E5CFF0E00BC0E82 /* FeedView.swift */,
				84371A7F2E5CFF1900BC0E82 /* CompareView.swift */,
				84371A792E5CFEFA00BC0E82 /* SearchView.swift */,
				84371A7B2E5CFF0300BC0E82 /* LibraryView.swift */,
			);
			path = View;
			sourceTree = "<group>";
		};
		84C138482E40927800002F43 /* Models */ = {
			isa = PBXGroup;
			children = (
				84C138492E40928F00002F43 /* Book.swift */,
				84C138532E551F3400002F43 /* Sentiment.swift */,
				84C138552E551F3B00002F43 /* RankingEngine.swift */,
				84371A812E5D294700BC0E82 /* UserProfile.swift */,
				84371A8C2E6667AA00BC0E82 /* RanklitUser.swift */,
			);
			path = Models;
			sourceTree = "<group>";
		};
/* End PBXGroup section */

/* Begin PBXNativeTarget section */
		84C138052E40763500002F43 /* book rating */ = {
			isa = PBXNativeTarget;
			buildConfigurationList = 84C138282E40763600002F43 /* Build configuration list for PBXNativeTarget "book rating" */;
			buildPhases = (
				84C138022E40763500002F43 /* Sources */,
				84C138032E40763500002F43 /* Frameworks */,
				84C138042E40763500002F43 /* Resources */,
			);
			buildRules = (
			);
			dependencies = (
			);
			name = "book rating";
			packageProductDependencies = (
				84371A752E5CF35600BC0E82 /* Supabase */,
			);
			productName = "book rating";
			productReference = 84C138062E40763500002F43 /* book rating.app */;
			productType = "com.apple.product-type.application";
		};
		84C138132E40763600002F43 /* book ratingTests */ = {
			isa = PBXNativeTarget;
			buildConfigurationList = 84C1382B2E40763600002F43 /* Build configuration list for PBXNativeTarget "book ratingTests" */;
			buildPhases = (
				84C138102E40763600002F43 /* Sources */,
				84C138112E40763600002F43 /* Frameworks */,
				84C138122E40763600002F43 /* Resources */,
			);
			buildRules = (
			);
			dependencies = (
				84C138162E40763600002F43 /* PBXTargetDependency */,
			);
			name = "book ratingTests";
			packageProductDependencies = (
			);
			productName = "book ratingTests";
			productReference = 84C138142E40763600002F43 /* book ratingTests.xctest */;
			productType = "com.apple.product-type.bundle.unit-test";
		};
		84C1381D2E40763600002F43 /* book ratingUITests */ = {
			isa = PBXNativeTarget;
			buildConfigurationList = 84C1382E2E40763600002F43 /* Build configuration list for PBXNativeTarget "book ratingUITests" */;
			buildPhases = (
				84C1381A2E40763600002F43 /* Sources */,
				84C1381B2E40763600002F43 /* Frameworks */,
				84C1381C2E40763600002F43 /* Resources */,
			);
			buildRules = (
			);
			dependencies = (
				84C138202E40763600002F43 /* PBXTargetDependency */,
			);
			name = "book ratingUITests";
			packageProductDependencies = (
			);
			productName = "book ratingUITests";
			productReference = 84C1381E2E40763600002F43 /* book ratingUITests.xctest */;
			productType = "com.apple.product-type.bundle.ui-testing";
		};
/* End PBXNativeTarget section */

/* Begin PBXProject section */
		84C137FE2E40763500002F43 /* Project object */ = {
			isa = PBXProject;
			attributes = {
				BuildIndependentTargetsInParallel = 1;
				LastSwiftUpdateCheck = 1640;
				LastUpgradeCheck = 1640;
				TargetAttributes = {
					84C138052E40763500002F43 = {
						CreatedOnToolsVersion = 16.4;
					};
					84C138132E40763600002F43 = {
						CreatedOnToolsVersion = 16.4;
						TestTargetID = 84C138052E40763500002F43;
					};
					84C1381D2E40763600002F43 = {
						CreatedOnToolsVersion = 16.4;
						TestTargetID = 84C138052E40763500002F43;
					};
				};
			};
			buildConfigurationList = 84C138012E40763500002F43 /* Build configuration list for PBXProject "book rating" */;
			developmentRegion = en;
			hasScannedForEncodings = 0;
			knownRegions = (
				en,
				Base,
			);
			mainGroup = 84C137FD2E40763500002F43;
			minimizedProjectReferenceProxies = 1;
			packageReferences = (
				84371A712E5CF03200BC0E82 /* XCRemoteSwiftPackageReference "supabase-swift" */,
			);
			preferredProjectObjectVersion = 77;
			productRefGroup = 84C138072E40763500002F43 /* Products */;
			projectDirPath = "";
			projectRoot = "";
			targets = (
				84C138052E40763500002F43 /* book rating */,
				84C138132E40763600002F43 /* book ratingTests */,
				84C1381D2E40763600002F43 /* book ratingUITests */,
			);
		};
/* End PBXProject section */

/* Begin PBXResourcesBuildPhase section */
		84C138042E40763500002F43 /* Resources */ = {
			isa = PBXResourcesBuildPhase;
			buildActionMask = 2147483647;
			files = (
				84C138472E40795000002F43 /* Assets.xcassets in Resources */,
			);
			runOnlyForDeploymentPostprocessing = 0;
		};
		84C138122E40763600002F43 /* Resources */ = {
			isa = PBXResourcesBuildPhase;
			buildActionMask = 2147483647;
			files = (
			);
			runOnlyForDeploymentPostprocessing = 0;
		};
		84C1381C2E40763600002F43 /* Resources */ = {
			isa = PBXResourcesBuildPhase;
			buildActionMask = 2147483647;
			files = (
			);
			runOnlyForDeploymentPostprocessing = 0;
		};
/* End PBXResourcesBuildPhase section */

/* Begin PBXSourcesBuildPhase section */
		84C138022E40763500002F43 /* Sources */ = {
			isa = PBXSourcesBuildPhase;
			buildActionMask = 2147483647;
			files = (
				84371A8D2E6667AA00BC0E82 /* RanklitUser.swift in Sources */,
				84371A7A2E5CFEFA00BC0E82 /* SearchView.swift in Sources */,
				84C138452E40793F00002F43 /* ContentView.swift in Sources */,
				84C1384A2E40929400002F43 /* Book.swift in Sources */,
				8447D5EB2E5CDBFD00E97D46 /* LogInView.swift in Sources */,
				8447D5F52E5CE58600E97D46 /* EmailView.swift in Sources */,
				84371A902E6667FD00BC0E82 /* DatabaseService.swift in Sources */,
				84371A802E5CFF1900BC0E82 /* CompareView.swift in Sources */,
				84371A852E5D2A3D00BC0E82 /* ProfileViewModel.swift in Sources */,
				84371A7E2E5CFF0E00BC0E82 /* FeedView.swift in Sources */,
				8447D5FA2E5CE93900E97D46 /* NameView.swift in Sources */,
				84371A7C2E5CFF0300BC0E82 /* LibraryView.swift in Sources */,
				84371A732E5CF0D000BC0E82 /* AuthService.swift in Sources */,
				84C138562E551F4100002F43 /* RankingEngine.swift in Sources */,
				84C138542E551F3800002F43 /* Sentiment.swift in Sources */,
				84371A822E5D294700BC0E82 /* UserProfile.swift in Sources */,
				84371A872E5D2A4F00BC0E82 /* EditProfileView.swift in Sources */,
				84C138462E40794500002F43 /* book_ratingApp.swift in Sources */,
				8447D5F82E5CE63300E97D46 /* RanklitTextField.swift in Sources */,
				8447D5FE2E5CEA1E00E97D46 /* UsernameView.swift in Sources */,
				84371A942E66685B00BC0E82 /* LocalDatabaseService.swift in Sources */,
				8447D6002E5CEB2400E97D46 /* AgeView.swift in Sources */,
				8447D5E72E5CD37400E97D46 /* AuthView.swift in Sources */,
				84371A8B2E66675400BC0E82 /* Secrets.swift in Sources */,
				84371A782E5CFEEE00BC0E82 /* ProfileView.swift in Sources */,
				8447D5F22E5CE53900E97D46 /* AuthViewModel.swift in Sources */,
			);
			runOnlyForDeploymentPostprocessing = 0;
		};
		84C138102E40763600002F43 /* Sources */ = {
			isa = PBXSourcesBuildPhase;
			buildActionMask = 2147483647;
			files = (
			);
			runOnlyForDeploymentPostprocessing = 0;
		};
		84C1381A2E40763600002F43 /* Sources */ = {
			isa = PBXSourcesBuildPhase;
			buildActionMask = 2147483647;
			files = (
				84C1383B2E40768A00002F43 /* book_ratingTests.swift in Sources */,
			);
			runOnlyForDeploymentPostprocessing = 0;
		};
/* End PBXSourcesBuildPhase section */

/* Begin PBXTargetDependency section */
		84C138162E40763600002F43 /* PBXTargetDependency */ = {
			isa = PBXTargetDependency;
			target = 84C138052E40763500002F43 /* book rating */;
			targetProxy = 84C138152E40763600002F43 /* PBXContainerItemProxy */;
		};
		84C138202E40763600002F43 /* PBXTargetDependency */ = {
			isa = PBXTargetDependency;
			target = 84C138052E40763500002F43 /* book rating */;
			targetProxy = 84C1381F2E40763600002F43 /* PBXContainerItemProxy */;
		};
/* End PBXTargetDependency section */

/* Begin XCBuildConfiguration section */
		84C138262E40763600002F43 /* Debug */ = {
			isa = XCBuildConfiguration;
			buildSettings = {
				ALWAYS_SEARCH_USER_PATHS = NO;
				ASSETCATALOG_COMPILER_GENERATE_SWIFT_ASSET_SYMBOL_EXTENSIONS = YES;
				CLANG_ANALYZER_NONNULL = YES;
				CLANG_ANALYZER_NUMBER_OBJECT_CONVERSION = YES_AGGRESSIVE;
				CLANG_CXX_LANGUAGE_STANDARD = "gnu++20";
				CLANG_ENABLE_MODULES = YES;
				CLANG_ENABLE_OBJC_ARC = YES;
				CLANG_ENABLE_OBJC_WEAK = YES;
				CLANG_WARN_BLOCK_CAPTURE_AUTORELEASING = YES;
				CLANG_WARN_BOOL_CONVERSION = YES;
				CLANG_WARN_COMMA = YES;
				CLANG_WARN_CONSTANT_CONVERSION = YES;
				CLANG_WARN_DEPRECATED_OBJC_IMPLEMENTATIONS = YES;
				CLANG_WARN_DIRECT_OBJC_ISA_USAGE = YES_ERROR;
				CLANG_WARN_DOCUMENTATION_COMMENTS = YES;
				CLANG_WARN_EMPTY_BODY = YES;
				CLANG_WARN_ENUM_CONVERSION = YES;
				CLANG_WARN_INFINITE_RECURSION = YES;
				CLANG_WARN_INT_CONVERSION = YES;
				CLANG_WARN_NON_LITERAL_NULL_CONVERSION = YES;
				CLANG_WARN_OBJC_IMPLICIT_RETAIN_SELF = YES;
				CLANG_WARN_OBJC_LITERAL_CONVERSION = YES;
				CLANG_WARN_OBJC_ROOT_CLASS = YES_ERROR;
				CLANG_WARN_QUOTED_INCLUDE_IN_FRAMEWORK_HEADER = YES;
				CLANG_WARN_RANGE_LOOP_ANALYSIS = YES;
				CLANG_WARN_STRICT_PROTOTYPES = YES;
				CLANG_WARN_SUSPICIOUS_MOVE = YES;
				CLANG_WARN_UNGUARDED_AVAILABILITY = YES_AGGRESSIVE;
				CLANG_WARN_UNREACHABLE_CODE = YES;
				CLANG_WARN__DUPLICATE_METHOD_MATCH = YES;
				COPY_PHASE_STRIP = NO;
				DEBUG_INFORMATION_FORMAT = dwarf;
				DEVELOPMENT_TEAM = Q6JU3U49YB;
				ENABLE_STRICT_OBJC_MSGSEND = YES;
				ENABLE_TESTABILITY = YES;
				ENABLE_USER_SCRIPT_SANDBOXING = YES;
				GCC_C_LANGUAGE_STANDARD = gnu17;
				GCC_DYNAMIC_NO_PIC = NO;
				GCC_NO_COMMON_BLOCKS = YES;
				GCC_OPTIMIZATION_LEVEL = 0;
				GCC_PREPROCESSOR_DEFINITIONS = (
					"DEBUG=1",
					"$(inherited)",
				);
				GCC_WARN_64_TO_32_BIT_CONVERSION = YES;
				GCC_WARN_ABOUT_RETURN_TYPE = YES_ERROR;
				GCC_WARN_UNDECLARED_SELECTOR = YES;
				GCC_WARN_UNINITIALIZED_AUTOS = YES_AGGRESSIVE;
				GCC_WARN_UNUSED_FUNCTION = YES;
				GCC_WARN_UNUSED_VARIABLE = YES;
				LOCALIZATION_PREFERS_STRING_CATALOGS = YES;
				MTL_ENABLE_DEBUG_INFO = INCLUDE_SOURCE;
				MTL_FAST_MATH = YES;
				ONLY_ACTIVE_ARCH = YES;
				SWIFT_ACTIVE_COMPILATION_CONDITIONS = "DEBUG $(inherited)";
				SWIFT_OPTIMIZATION_LEVEL = "-Onone";
			};
			name = Debug;
		};
		84C138272E40763600002F43 /* Release */ = {
			isa = XCBuildConfiguration;
			buildSettings = {
				ALWAYS_SEARCH_USER_PATHS = NO;
				ASSETCATALOG_COMPILER_GENERATE_SWIFT_ASSET_SYMBOL_EXTENSIONS = YES;
				CLANG_ANALYZER_NONNULL = YES;
				CLANG_ANALYZER_NUMBER_OBJECT_CONVERSION = YES_AGGRESSIVE;
				CLANG_CXX_LANGUAGE_STANDARD = "gnu++20";
				CLANG_ENABLE_MODULES = YES;
				CLANG_ENABLE_OBJC_ARC = YES;
				CLANG_ENABLE_OBJC_WEAK = YES;
				CLANG_WARN_BLOCK_CAPTURE_AUTORELEASING = YES;
				CLANG_WARN_BOOL_CONVERSION = YES;
				CLANG_WARN_COMMA = YES;
				CLANG_WARN_CONSTANT_CONVERSION = YES;
				CLANG_WARN_DEPRECATED_OBJC_IMPLEMENTATIONS = YES;
				CLANG_WARN_DIRECT_OBJC_ISA_USAGE = YES_ERROR;
				CLANG_WARN_DOCUMENTATION_COMMENTS = YES;
				CLANG_WARN_EMPTY_BODY = YES;
				CLANG_WARN_ENUM_CONVERSION = YES;
				CLANG_WARN_INFINITE_RECURSION = YES;
				CLANG_WARN_INT_CONVERSION = YES;
				CLANG_WARN_NON_LITERAL_NULL_CONVERSION = YES;
				CLANG_WARN_OBJC_IMPLICIT_RETAIN_SELF = YES;
				CLANG_WARN_OBJC_LITERAL_CONVERSION = YES;
				CLANG_WARN_OBJC_ROOT_CLASS = YES_ERROR;
				CLANG_WARN_QUOTED_INCLUDE_IN_FRAMEWORK_HEADER = YES;
				CLANG_WARN_RANGE_LOOP_ANALYSIS = YES;
				CLANG_WARN_STRICT_PROTOTYPES = YES;
				CLANG_WARN_SUSPICIOUS_MOVE = YES;
				CLANG_WARN_UNGUARDED_AVAILABILITY = YES_AGGRESSIVE;
				CLANG_WARN_UNREACHABLE_CODE = YES;
				CLANG_WARN__DUPLICATE_METHOD_MATCH = YES;
				COPY_PHASE_STRIP = NO;
				DEBUG_INFORMATION_FORMAT = "dwarf-with-dsym";
				DEVELOPMENT_TEAM = Q6JU3U49YB;
				ENABLE_NS_ASSERTIONS = NO;
				ENABLE_STRICT_OBJC_MSGSEND = YES;
				ENABLE_USER_SCRIPT_SANDBOXING = YES;
				GCC_C_LANGUAGE_STANDARD = gnu17;
				GCC_NO_COMMON_BLOCKS = YES;
				GCC_WARN_64_TO_32_BIT_CONVERSION = YES;
				GCC_WARN_ABOUT_RETURN_TYPE = YES_ERROR;
				GCC_WARN_UNDECLARED_SELECTOR = YES;
				GCC_WARN_UNINITIALIZED_AUTOS = YES_AGGRESSIVE;
				GCC_WARN_UNUSED_FUNCTION = YES;
				GCC_WARN_UNUSED_VARIABLE = YES;
				LOCALIZATION_PREFERS_STRING_CATALOGS = YES;
				MTL_ENABLE_DEBUG_INFO = NO;
				MTL_FAST_MATH = YES;
				SWIFT_COMPILATION_MODE = wholemodule;
			};
			name = Release;
		};
		84C138292E40763600002F43 /* Debug */ = {
			isa = XCBuildConfiguration;
			buildSettings = {
				ASSETCATALOG_COMPILER_APPICON_NAME = AppIcon;
				ASSETCATALOG_COMPILER_GLOBAL_ACCENT_COLOR_NAME = AccentColor;
				CODE_SIGN_ENTITLEMENTS = "book rating/book_rating.entitlements";
				CODE_SIGN_STYLE = Automatic;
				CURRENT_PROJECT_VERSION = 1;
				DEVELOPMENT_TEAM = Q6JU3U49YB;
				ENABLE_HARDENED_RUNTIME = YES;
				ENABLE_PREVIEWS = YES;
				GENERATE_INFOPLIST_FILE = YES;
				"INFOPLIST_KEY_UIApplicationSceneManifest_Generation[sdk=iphoneos*]" = YES;
				"INFOPLIST_KEY_UIApplicationSceneManifest_Generation[sdk=iphonesimulator*]" = YES;
				"INFOPLIST_KEY_UIApplicationSupportsIndirectInputEvents[sdk=iphoneos*]" = YES;
				"INFOPLIST_KEY_UIApplicationSupportsIndirectInputEvents[sdk=iphonesimulator*]" = YES;
				"INFOPLIST_KEY_UILaunchScreen_Generation[sdk=iphoneos*]" = YES;
				"INFOPLIST_KEY_UILaunchScreen_Generation[sdk=iphonesimulator*]" = YES;
				"INFOPLIST_KEY_UIStatusBarStyle[sdk=iphoneos*]" = UIStatusBarStyleDefault;
				"INFOPLIST_KEY_UIStatusBarStyle[sdk=iphonesimulator*]" = UIStatusBarStyleDefault;
				INFOPLIST_KEY_UISupportedInterfaceOrientations_iPad = "UIInterfaceOrientationPortrait UIInterfaceOrientationPortraitUpsideDown UIInterfaceOrientationLandscapeLeft UIInterfaceOrientationLandscapeRight";
				INFOPLIST_KEY_UISupportedInterfaceOrientations_iPhone = "UIInterfaceOrientationPortrait UIInterfaceOrientationLandscapeLeft UIInterfaceOrientationLandscapeRight";
				IPHONEOS_DEPLOYMENT_TARGET = 18.5;
				LD_RUNPATH_SEARCH_PATHS = "@executable_path/Frameworks";
				"LD_RUNPATH_SEARCH_PATHS[sdk=macosx*]" = "@executable_path/../Frameworks";
				MACOSX_DEPLOYMENT_TARGET = 15.5;
				MARKETING_VERSION = 1.0;
				PRODUCT_BUNDLE_IDENTIFIER = "com.myprojects.book-rating";
				PRODUCT_NAME = "$(TARGET_NAME)";
				REGISTER_APP_GROUPS = YES;
				SDKROOT = auto;
				SUPPORTED_PLATFORMS = "iphoneos iphonesimulator macosx xros xrsimulator";
				SWIFT_EMIT_LOC_STRINGS = YES;
				SWIFT_VERSION = 5.0;
				TARGETED_DEVICE_FAMILY = "1,2,7";
				XROS_DEPLOYMENT_TARGET = 2.5;
			};
			name = Debug;
		};
		84C1382A2E40763600002F43 /* Release */ = {
			isa = XCBuildConfiguration;
			buildSettings = {
				ASSETCATALOG_COMPILER_APPICON_NAME = AppIcon;
				ASSETCATALOG_COMPILER_GLOBAL_ACCENT_COLOR_NAME = AccentColor;
				CODE_SIGN_ENTITLEMENTS = "book rating/book_rating.entitlements";
				CODE_SIGN_STYLE = Automatic;
				CURRENT_PROJECT_VERSION = 1;
				DEVELOPMENT_TEAM = Q6JU3U49YB;
				ENABLE_HARDENED_RUNTIME = YES;
				ENABLE_PREVIEWS = YES;
				GENERATE_INFOPLIST_FILE = YES;
				"INFOPLIST_KEY_UIApplicationSceneManifest_Generation[sdk=iphoneos*]" = YES;
				"INFOPLIST_KEY_UIApplicationSceneManifest_Generation[sdk=iphonesimulator*]" = YES;
				"INFOPLIST_KEY_UIApplicationSupportsIndirectInputEvents[sdk=iphoneos*]" = YES;
				"INFOPLIST_KEY_UIApplicationSupportsIndirectInputEvents[sdk=iphonesimulator*]" = YES;
				"INFOPLIST_KEY_UILaunchScreen_Generation[sdk=iphoneos*]" = YES;
				"INFOPLIST_KEY_UILaunchScreen_Generation[sdk=iphonesimulator*]" = YES;
				"INFOPLIST_KEY_UIStatusBarStyle[sdk=iphoneos*]" = UIStatusBarStyleDefault;
				"INFOPLIST_KEY_UIStatusBarStyle[sdk=iphonesimulator*]" = UIStatusBarStyleDefault;
				INFOPLIST_KEY_UISupportedInterfaceOrientations_iPad = "UIInterfaceOrientationPortrait UIInterfaceOrientationPortraitUpsideDown UIInterfaceOrientationLandscapeLeft UIInterfaceOrientationLandscapeRight";
				INFOPLIST_KEY_UISupportedInterfaceOrientations_iPhone = "UIInterfaceOrientationPortrait UIInterfaceOrientationLandscapeLeft UIInterfaceOrientationLandscapeRight";
				IPHONEOS_DEPLOYMENT_TARGET = 18.5;
				LD_RUNPATH_SEARCH_PATHS = "@executable_path/Frameworks";
				"LD_RUNPATH_SEARCH_PATHS[sdk=macosx*]" = "@executable_path/../Frameworks";
				MACOSX_DEPLOYMENT_TARGET = 15.5;
				MARKETING_VERSION = 1.0;
				PRODUCT_BUNDLE_IDENTIFIER = "com.myprojects.book-rating";
				PRODUCT_NAME = "$(TARGET_NAME)";
				REGISTER_APP_GROUPS = YES;
				SDKROOT = auto;
				SUPPORTED_PLATFORMS = "iphoneos iphonesimulator macosx xros xrsimulator";
				SWIFT_EMIT_LOC_STRINGS = YES;
				SWIFT_VERSION = 5.0;
				TARGETED_DEVICE_FAMILY = "1,2,7";
				XROS_DEPLOYMENT_TARGET = 2.5;
			};
			name = Release;
		};
		84C1382C2E40763600002F43 /* Debug */ = {
			isa = XCBuildConfiguration;
			buildSettings = {
				BUNDLE_LOADER = "$(TEST_HOST)";
				CODE_SIGN_STYLE = Automatic;
				CURRENT_PROJECT_VERSION = 1;
				DEVELOPMENT_TEAM = Q6JU3U49YB;
				GENERATE_INFOPLIST_FILE = YES;
				IPHONEOS_DEPLOYMENT_TARGET = 18.5;
				MACOSX_DEPLOYMENT_TARGET = 15.5;
				MARKETING_VERSION = 1.0;
				PRODUCT_BUNDLE_IDENTIFIER = "com.myprojects.book-ratingTests";
				PRODUCT_NAME = "$(TARGET_NAME)";
				SDKROOT = auto;
				SUPPORTED_PLATFORMS = "iphoneos iphonesimulator macosx xros xrsimulator";
				SWIFT_EMIT_LOC_STRINGS = NO;
				SWIFT_VERSION = 5.0;
				TARGETED_DEVICE_FAMILY = "1,2,7";
				TEST_HOST = "$(BUILT_PRODUCTS_DIR)/book rating.app/$(BUNDLE_EXECUTABLE_FOLDER_PATH)/book rating";
				XROS_DEPLOYMENT_TARGET = 2.5;
			};
			name = Debug;
		};
		84C1382D2E40763600002F43 /* Release */ = {
			isa = XCBuildConfiguration;
			buildSettings = {
				BUNDLE_LOADER = "$(TEST_HOST)";
				CODE_SIGN_STYLE = Automatic;
				CURRENT_PROJECT_VERSION = 1;
				DEVELOPMENT_TEAM = Q6JU3U49YB;
				GENERATE_INFOPLIST_FILE = YES;
				IPHONEOS_DEPLOYMENT_TARGET = 18.5;
				MACOSX_DEPLOYMENT_TARGET = 15.5;
				MARKETING_VERSION = 1.0;
				PRODUCT_BUNDLE_IDENTIFIER = "com.myprojects.book-ratingTests";
				PRODUCT_NAME = "$(TARGET_NAME)";
				SDKROOT = auto;
				SUPPORTED_PLATFORMS = "iphoneos iphonesimulator macosx xros xrsimulator";
				SWIFT_EMIT_LOC_STRINGS = NO;
				SWIFT_VERSION = 5.0;
				TARGETED_DEVICE_FAMILY = "1,2,7";
				TEST_HOST = "$(BUILT_PRODUCTS_DIR)/book rating.app/$(BUNDLE_EXECUTABLE_FOLDER_PATH)/book rating";
				XROS_DEPLOYMENT_TARGET = 2.5;
			};
			name = Release;
		};
		84C1382F2E40763600002F43 /* Debug */ = {
			isa = XCBuildConfiguration;
			buildSettings = {
				CODE_SIGN_STYLE = Automatic;
				CURRENT_PROJECT_VERSION = 1;
				DEVELOPMENT_TEAM = Q6JU3U49YB;
				GENERATE_INFOPLIST_FILE = YES;
				IPHONEOS_DEPLOYMENT_TARGET = 18.5;
				MACOSX_DEPLOYMENT_TARGET = 15.5;
				MARKETING_VERSION = 1.0;
				PRODUCT_BUNDLE_IDENTIFIER = "com.myprojects.book-ratingUITests";
				PRODUCT_NAME = "$(TARGET_NAME)";
				SDKROOT = auto;
				SUPPORTED_PLATFORMS = "iphoneos iphonesimulator macosx xros xrsimulator";
				SWIFT_EMIT_LOC_STRINGS = NO;
				SWIFT_VERSION = 5.0;
				TARGETED_DEVICE_FAMILY = "1,2,7";
				TEST_TARGET_NAME = "book rating";
				XROS_DEPLOYMENT_TARGET = 2.5;
			};
			name = Debug;
		};
		84C138302E40763600002F43 /* Release */ = {
			isa = XCBuildConfiguration;
			buildSettings = {
				CODE_SIGN_STYLE = Automatic;
				CURRENT_PROJECT_VERSION = 1;
				DEVELOPMENT_TEAM = Q6JU3U49YB;
				GENERATE_INFOPLIST_FILE = YES;
				IPHONEOS_DEPLOYMENT_TARGET = 18.5;
				MACOSX_DEPLOYMENT_TARGET = 15.5;
				MARKETING_VERSION = 1.0;
				PRODUCT_BUNDLE_IDENTIFIER = "com.myprojects.book-ratingUITests";
				PRODUCT_NAME = "$(TARGET_NAME)";
				SDKROOT = auto;
				SUPPORTED_PLATFORMS = "iphoneos iphonesimulator macosx xros xrsimulator";
				SWIFT_EMIT_LOC_STRINGS = NO;
				SWIFT_VERSION = 5.0;
				TARGETED_DEVICE_FAMILY = "1,2,7";
				TEST_TARGET_NAME = "book rating";
				XROS_DEPLOYMENT_TARGET = 2.5;
			};
			name = Release;
		};
/* End XCBuildConfiguration section */

/* Begin XCConfigurationList section */
		84C138012E40763500002F43 /* Build configuration list for PBXProject "book rating" */ = {
			isa = XCConfigurationList;
			buildConfigurations = (
				84C138262E40763600002F43 /* Debug */,
				84C138272E40763600002F43 /* Release */,
			);
			defaultConfigurationIsVisible = 0;
			defaultConfigurationName = Release;
		};
		84C138282E40763600002F43 /* Build configuration list for PBXNativeTarget "book rating" */ = {
			isa = XCConfigurationList;
			buildConfigurations = (
				84C138292E40763600002F43 /* Debug */,
				84C1382A2E40763600002F43 /* Release */,
			);
			defaultConfigurationIsVisible = 0;
			defaultConfigurationName = Release;
		};
		84C1382B2E40763600002F43 /* Build configuration list for PBXNativeTarget "book ratingTests" */ = {
			isa = XCConfigurationList;
			buildConfigurations = (
				84C1382C2E40763600002F43 /* Debug */,
				84C1382D2E40763600002F43 /* Release */,
			);
			defaultConfigurationIsVisible = 0;
			defaultConfigurationName = Release;
		};
		84C1382E2E40763600002F43 /* Build configuration list for PBXNativeTarget "book ratingUITests" */ = {
			isa = XCConfigurationList;
			buildConfigurations = (
				84C1382F2E40763600002F43 /* Debug */,
				84C138302E40763600002F43 /* Release */,
			);
			defaultConfigurationIsVisible = 0;
			defaultConfigurationName = Release;
		};
/* End XCConfigurationList section */

/* Begin XCRemoteSwiftPackageReference section */
		84371A712E5CF03200BC0E82 /* XCRemoteSwiftPackageReference "supabase-swift" */ = {
			isa = XCRemoteSwiftPackageReference;
			repositoryURL = "https://github.com/supabase/supabase-swift.git";
			requirement = {
				kind = upToNextMajorVersion;
				minimumVersion = 2.5.1;
			};
		};
/* End XCRemoteSwiftPackageReference section */

/* Begin XCSwiftPackageProductDependency section */
		84371A752E5CF35600BC0E82 /* Supabase */ = {
			isa = XCSwiftPackageProductDependency;
			package = 84371A712E5CF03200BC0E82 /* XCRemoteSwiftPackageReference "supabase-swift" */;
			productName = Supabase;
		};
/* End XCSwiftPackageProductDependency section */
	};
	rootObject = 84C137FE2E40763500002F43 /* Project object */;
}
